
Microsoft Visual Studio Solution File, Format Version 12.00
# Visual Studio Version 17
VisualStudioVersion = 17.8.34408.163
MinimumVisualStudioVersion = 10.0.40219.1
Project("{FAE04EC0-301F-11D3-BF4B-00C04F79EFBC}") = "SantaFloorSearch", "Advent Calender Programing\SantaFloorSearch.csproj", "{ABB7F486-DD9E-46EF-9327-ACFACF9416EB}"
EndProject
Global
	GlobalSection(SolutionConfigurationPlatforms) = preSolution
		Debug|Any CPU = Debug|Any CPU
		Release|Any CPU = Release|Any CPU
	EndGlobalSection
	GlobalSection(ProjectConfigurationPlatforms) = postSolution
		{ABB7F486-DD9E-46EF-9327-ACFACF9416EB}.Debug|Any CPU.ActiveCfg = Debug|Any CPU
		{ABB7F486-DD9E-46EF-9327-ACFACF9416EB}.Debug|Any CPU.Build.0 = Debug|Any CPU
		{ABB7F486-DD9E-46EF-9327-ACFACF9416EB}.Release|Any CPU.ActiveCfg = Release|Any CPU
		{ABB7F486-DD9E-46EF-9327-ACFACF9416EB}.Release|Any CPU.Build.0 = Release|Any CPU
	EndGlobalSection
	GlobalSection(SolutionProperties) = preSolution
		HideSolutionNode = FALSE
	EndGlobalSection
	GlobalSection(ExtensibilityGlobals) = postSolution
		SolutionGuid = {0FFC7ABE-7F22-4A70-BD0F-E18C7E01B0D1}
	EndGlobalSection
EndGlobal
